PODS:
  - Flutter (1.0.0)
  - GoogleUtilities/AppDelegateSwizzler (8.1.0):
    - GoogleUtilities/Environment
    - GoogleUtilities/Logger
    - GoogleUtilities/Network
    - GoogleUtilities/Privacy
  - GoogleUtilities/Environment (8.1.0):
    - GoogleUtilities/Privacy
  - GoogleUtilities/Logger (8.1.0):
    - GoogleUtilities/Environment
    - GoogleUtilities/Privacy
  - GoogleUtilities/Network (8.1.0):
    - GoogleUtilities/Logger
    - "GoogleUtilities/NSData+zlib"
    - GoogleUtilities/Privacy
    - GoogleUtilities/Reachability
  - "GoogleUtilities/NSData+zlib (8.1.0)":
    - GoogleUtilities/Privacy
  - GoogleUtilities/Privacy (8.1.0)
  - GoogleUtilities/Reachability (8.1.0):
    - GoogleUtilities/Logger
    - GoogleUtilities/Privacy
  - integration_test (0.0.1):
    - Flutter
  - payjp_flutter (0.7.8):
    - Flutter
    - GoogleUtilities/AppDelegateSwizzler (~> 8)
    - PAYJPFlutterCore (~> 2.2.3)
  - PAYJPFlutterCore (2.2.3):
    - PhoneNumberKit (~> 4.0.0)
  - PhoneNumberKit (4.0.3):
    - PhoneNumberKit/PhoneNumberKitCore (= 4.0.3)
    - PhoneNumberKit/UIKit (= 4.0.3)
  - PhoneNumberKit/PhoneNumberKitCore (4.0.3)
  - PhoneNumberKit/UIKit (4.0.3):
    - PhoneNumberKit/PhoneNumberKitCore

DEPENDENCIES:
  - Flutter (from `Flutter`)
  - integration_test (from `.symlinks/plugins/integration_test/ios`)
  - payjp_flutter (from `.symlinks/plugins/payjp_flutter/ios`)

SPEC REPOS:
  trunk:
    - GoogleUtilities
    - PAYJPFlutterCore
    - PhoneNumberKit

EXTERNAL SOURCES:
  Flutter:
    :path: Flutter
  integration_test:
    :path: ".symlinks/plugins/integration_test/ios"
  payjp_flutter:
    :path: ".symlinks/plugins/payjp_flutter/ios"

SPEC CHECKSUMS:
  Flutter: cabc95a1d2626b1b06e7179b784ebcf0c0cde467
  GoogleUtilities: 00c88b9a86066ef77f0da2fab05f65d7768ed8e1
  integration_test: 4a889634ef21a45d28d50d622cf412dc6d9f586e
  payjp_flutter: 716be1dd9142369b31e076d5bd3423211049027c
  PAYJPFlutterCore: 641c84041d89a0a283ac58fdc5bd280ddd94d4cb
  PhoneNumberKit: 1695265e1dbce1d0516418ca10f32d1ba6700b5d

PODFILE CHECKSUM: cc1f88378b4bfcf93a6ce00d2c587857c6008d3b

COCOAPODS: 1.16.2
