PODS:
  - Flutter (1.0.0)
  - GoogleUtilities/AppDelegateSwizzler (8.0.2):
    - GoogleUtilities/Environment
    - GoogleUtilities/Logger
    - GoogleUtilities/Network
    - GoogleUtilities/Privacy
  - GoogleUtilities/Environment (8.0.2):
    - GoogleUtilities/Privacy
  - GoogleUtilities/Logger (8.0.2):
    - GoogleUtilities/Environment
    - GoogleUtilities/Privacy
  - GoogleUtilities/Network (8.0.2):
    - GoogleUtilities/Logger
    - "GoogleUtilities/NSData+zlib"
    - GoogleUtilities/Privacy
    - GoogleUtilities/Reachability
  - "GoogleUtilities/NSData+zlib (8.0.2)":
    - GoogleUtilities/Privacy
  - GoogleUtilities/Privacy (8.0.2)
  - GoogleUtilities/Reachability (8.0.2):
    - GoogleUtilities/Logger
    - GoogleUtilities/Privacy
  - integration_test (0.0.1):
    - Flutter
  - payjp_flutter (0.8.0):
    - Flutter
    - GoogleUtilities/AppDelegateSwizzler (~> 8)
    - PAYJPFlutterCore (~> 2.2.1)
  - PAYJPFlutterCore (2.2.1):
    - PhoneNumberKit (~> 4.0.0)
  - PhoneNumberKit (4.0.0):
    - PhoneNumberKit/PhoneNumberKitCore (= 4.0.0)
    - PhoneNumberKit/UIKit (= 4.0.0)
  - PhoneNumberKit/PhoneNumberKitCore (4.0.0)
  - PhoneNumberKit/UIKit (4.0.0):
    - PhoneNumberKit/PhoneNumberKitCore

DEPENDENCIES:
  - Flutter (from `Flutter`)
  - integration_test (from `.symlinks/plugins/integration_test/ios`)
  - payjp_flutter (from `.symlinks/plugins/payjp_flutter/ios`)

SPEC REPOS:
  trunk:
    - GoogleUtilities
    - PAYJPFlutterCore
    - PhoneNumberKit

EXTERNAL SOURCES:
  Flutter:
    :path: Flutter
  integration_test:
    :path: ".symlinks/plugins/integration_test/ios"
  payjp_flutter:
    :path: ".symlinks/plugins/payjp_flutter/ios"

SPEC CHECKSUMS:
  Flutter: e0871f40cf51350855a761d2e70bf5af5b9b5de7
  GoogleUtilities: 26a3abef001b6533cf678d3eb38fd3f614b7872d
  PhoneNumberKit: fca23e22dcd17f602577f177bdd502512190e52e
  integration_test: 4a889634ef21a45d28d50d622cf412dc6d9f586e
  payjp_flutter: 009141b9858d6b23c1627965154178fd0fcb19cd
  PAYJPFlutterCore: f51011ed318f52d10d14bc0037c15980d5d631b4

PODFILE CHECKSUM: 4e8f8b2be68aeea4c0d5beb6ff1e79fface1d048

COCOAPODS: 1.16.2
