PODS:
  - Flutter (1.0.0)
  - PAYJP (1.0.2)
  - payjp_flutter (0.0.1):
    - Flutter
    - PAYJP (~> 1.0.2)

DEPENDENCIES:
  - Flutter (from `.symlinks/flutter/ios`)
  - payjp_flutter (from `.symlinks/plugins/payjp_flutter/ios`)

SPEC REPOS:
  trunk:
    - PAYJP

EXTERNAL SOURCES:
  Flutter:
    :path: ".symlinks/flutter/ios"
  payjp_flutter:
    :path: ".symlinks/plugins/payjp_flutter/ios"

SPEC CHECKSUMS:
  Flutter: 0e3d915762c693b495b44d77113d4970485de6ec
  PAYJP: e7ce0c08a832bd3c271b126b8cc83334be4b270c
  payjp_flutter: 841bd03e687f2d1da6cea933fb824b7f7ab09e8b

PODFILE CHECKSUM: b6a0a141693093b304368d08511b46cf3d1d0ac5

COCOAPODS: 1.8.4
